
Microsoft Visual Studio Solution File, Format Version 12.00
Project("{F2A71F9B-5D33-465A-A702-920D77279786}") = "Fuzz", "Fuzz\Fuzz.fsproj", "{CE63BA78-9814-47A7-9636-4E645D88BB54}"
EndProject
Project("{FAE04EC0-301F-11D3-BF4B-00C04F79EFBC}") = "Allocation", "Allocation\Allocation.csproj", "{FCD6A87F-8558-4AB0-B90D-3A66561916EB}"
EndProject
Project("{F2A71F9B-5D33-465A-A702-920D77279786}") = "Reflection", "Reflection\Reflection.fsproj", "{506DD80B-DB19-4B93-A139-D4B5525AF7CB}"
EndProject
Project("{FAE04EC0-301F-11D3-BF4B-00C04F79EFBC}") = "Target", "Target\Target.csproj", "{1CAD7A21-E386-421C-9300-B7A96A311989}"
EndProject
Global
	GlobalSection(SolutionConfigurationPlatforms) = preSolution
		Debug|Any CPU = Debug|Any CPU
		Release|Any CPU = Release|Any CPU
	EndGlobalSection
	GlobalSection(ProjectConfigurationPlatforms) = postSolution
		{CE63BA78-9814-47A7-9636-4E645D88BB54}.Debug|Any CPU.ActiveCfg = Debug|Any CPU
		{CE63BA78-9814-47A7-9636-4E645D88BB54}.Debug|Any CPU.Build.0 = Debug|Any CPU
		{CE63BA78-9814-47A7-9636-4E645D88BB54}.Release|Any CPU.ActiveCfg = Release|Any CPU
		{CE63BA78-9814-47A7-9636-4E645D88BB54}.Release|Any CPU.Build.0 = Release|Any CPU
		{FCD6A87F-8558-4AB0-B90D-3A66561916EB}.Debug|Any CPU.ActiveCfg = Debug|Any CPU
		{FCD6A87F-8558-4AB0-B90D-3A66561916EB}.Debug|Any CPU.Build.0 = Debug|Any CPU
		{FCD6A87F-8558-4AB0-B90D-3A66561916EB}.Release|Any CPU.ActiveCfg = Release|Any CPU
		{FCD6A87F-8558-4AB0-B90D-3A66561916EB}.Release|Any CPU.Build.0 = Release|Any CPU
		{506DD80B-DB19-4B93-A139-D4B5525AF7CB}.Debug|Any CPU.ActiveCfg = Debug|Any CPU
		{506DD80B-DB19-4B93-A139-D4B5525AF7CB}.Debug|Any CPU.Build.0 = Debug|Any CPU
		{506DD80B-DB19-4B93-A139-D4B5525AF7CB}.Release|Any CPU.ActiveCfg = Release|Any CPU
		{506DD80B-DB19-4B93-A139-D4B5525AF7CB}.Release|Any CPU.Build.0 = Release|Any CPU
		{1CAD7A21-E386-421C-9300-B7A96A311989}.Debug|Any CPU.ActiveCfg = Debug|Any CPU
		{1CAD7A21-E386-421C-9300-B7A96A311989}.Debug|Any CPU.Build.0 = Debug|Any CPU
		{1CAD7A21-E386-421C-9300-B7A96A311989}.Release|Any CPU.ActiveCfg = Release|Any CPU
		{1CAD7A21-E386-421C-9300-B7A96A311989}.Release|Any CPU.Build.0 = Release|Any CPU
	EndGlobalSection
EndGlobal
